
Microsoft Visual Studio Solution File, Format Version 12.00
# Visual Studio Version 17
VisualStudioVersion = 17.0.32014.148
MinimumVisualStudioVersion = 10.0.40219.1
Project("{FAE04EC0-301F-11D3-BF4B-00C04F79EFBC}") = "Driver's License Exam", "Driver's License Exam\Driver's License Exam.csproj", "{816EEF3E-7FC3-4B73-B1FE-CC558A83331B}"
EndProject
Global
	GlobalSection(SolutionConfigurationPlatforms) = preSolution
		Debug|Any CPU = Debug|Any CPU
		Release|Any CPU = Release|Any CPU
	EndGlobalSection
	GlobalSection(ProjectConfigurationPlatforms) = postSolution
		{816EEF3E-7FC3-4B73-B1FE-CC558A83331B}.Debug|Any CPU.ActiveCfg = Debug|Any CPU
		{816EEF3E-7FC3-4B73-B1FE-CC558A83331B}.Debug|Any CPU.Build.0 = Debug|Any CPU
		{816EEF3E-7FC3-4B73-B1FE-CC558A83331B}.Release|Any CPU.ActiveCfg = Release|Any CPU
		{816EEF3E-7FC3-4B73-B1FE-CC558A83331B}.Release|Any CPU.Build.0 = Release|Any CPU
	EndGlobalSection
	GlobalSection(SolutionProperties) = preSolution
		HideSolutionNode = FALSE
	EndGlobalSection
	GlobalSection(ExtensibilityGlobals) = postSolution
		SolutionGuid = {6FCA4516-71DF-42D4-B6DA-A5EEDEF6DA54}
	EndGlobalSection
EndGlobal
